// !$*UTF8*$!
{
	archiveVersion = 1;
	classes = {
	};
	objectVersion = 55;
	objects = {

/* Begin PBXBuildFile section */
		0023261F278D119400269FAF /* AppDelegate.swift in Sources */ = {isa = PBXBuildFile; fileRef = 0023261E278D119400269FAF /* AppDelegate.swift */; };
		00232621278D119400269FAF /* SceneDelegate.swift in Sources */ = {isa = PBXBuildFile; fileRef = 00232620278D119400269FAF /* SceneDelegate.swift */; };
		00232626278D119400269FAF /* Main.storyboard in Resources */ = {isa = PBXBuildFile; fileRef = 00232624278D119400269FAF /* Main.storyboard */; };
		00232628278D119400269FAF /* Assets.xcassets in Resources */ = {isa = PBXBuildFile; fileRef = 00232627278D119400269FAF /* Assets.xcassets */; };
		0023262B278D119400269FAF /* LaunchScreen.storyboard in Resources */ = {isa = PBXBuildFile; fileRef = 00232629278D119400269FAF /* LaunchScreen.storyboard */; };
		0031AD29278FE78000F84AA7 /* Alamofire in Frameworks */ = {isa = PBXBuildFile; productRef = 0031AD28278FE78000F84AA7 /* Alamofire */; };
		0031AD2C278FEC7B00F84AA7 /* Extensions.swift in Sources */ = {isa = PBXBuildFile; fileRef = 0031AD2B278FEC7B00F84AA7 /* Extensions.swift */; };
		0031AD2E2790637100F84AA7 /* ListNFTTableViewController.swift in Sources */ = {isa = PBXBuildFile; fileRef = 0031AD2D2790637100F84AA7 /* ListNFTTableViewController.swift */; };
		0031AD312790664A00F84AA7 /* NFTMetadata.swift in Sources */ = {isa = PBXBuildFile; fileRef = 0031AD302790664A00F84AA7 /* NFTMetadata.swift */; };
		0031AD3427907AC700F84AA7 /* NFTListItemTableViewCell.swift in Sources */ = {isa = PBXBuildFile; fileRef = 0031AD3327907AC700F84AA7 /* NFTListItemTableViewCell.swift */; };
		00611CF4278D298900CB06AB /* AddNFTViewController.swift in Sources */ = {isa = PBXBuildFile; fileRef = 00611CF3278D298900CB06AB /* AddNFTViewController.swift */; };
		00611CF6278D338300CB06AB /* AboutViewController.swift in Sources */ = {isa = PBXBuildFile; fileRef = 00611CF5278D338300CB06AB /* AboutViewController.swift */; };
		0062FAA32792ED30002A8652 /* SettingsTableViewController.swift in Sources */ = {isa = PBXBuildFile; fileRef = 0062FAA22792ED30002A8652 /* SettingsTableViewController.swift */; };
		00728D7727928CE300CA90AB /* AlamofireImage in Frameworks */ = {isa = PBXBuildFile; productRef = 00728D7627928CE300CA90AB /* AlamofireImage */; };
/* End PBXBuildFile section */

/* Begin PBXFileReference section */
		0023261B278D119400269FAF /* NFT Viewer.app */ = {isa = PBXFileReference; explicitFileType = wrapper.application; includeInIndex = 0; path = "NFT Viewer.app"; sourceTree = BUILT_PRODUCTS_DIR; };
		0023261E278D119400269FAF /* AppDelegate.swift */ = {isa = PBXFileReference; lastKnownFileType = sourcecode.swift; path = AppDelegate.swift; sourceTree = "<group>"; };
		00232620278D119400269FAF /* SceneDelegate.swift */ = {isa = PBXFileReference; lastKnownFileType = sourcecode.swift; path = SceneDelegate.swift; sourceTree = "<group>"; };
		00232625278D119400269FAF /* Base */ = {isa = PBXFileReference; lastKnownFileType = file.storyboard; name = Base; path = Base.lproj/Main.storyboard; sourceTree = "<group>"; };
		00232627278D119400269FAF /* Assets.xcassets */ = {isa = PBXFileReference; lastKnownFileType = folder.assetcatalog; path = Assets.xcassets; sourceTree = "<group>"; };
		0023262A278D119400269FAF /* Base */ = {isa = PBXFileReference; lastKnownFileType = file.storyboard; name = Base; path = Base.lproj/LaunchScreen.storyboard; sourceTree = "<group>"; };
		0023262C278D119400269FAF /* Info.plist */ = {isa = PBXFileReference; lastKnownFileType = text.plist.xml; path = Info.plist; sourceTree = "<group>"; };
		0031AD2B278FEC7B00F84AA7 /* Extensions.swift */ = {isa = PBXFileReference; lastKnownFileType = sourcecode.swift; path = Extensions.swift; sourceTree = "<group>"; };
		0031AD2D2790637100F84AA7 /* ListNFTTableViewController.swift */ = {isa = PBXFileReference; lastKnownFileType = sourcecode.swift; path = ListNFTTableViewController.swift; sourceTree = "<group>"; };
		0031AD302790664A00F84AA7 /* NFTMetadata.swift */ = {isa = PBXFileReference; lastKnownFileType = sourcecode.swift; path = NFTMetadata.swift; sourceTree = "<group>"; };
		0031AD3327907AC700F84AA7 /* NFTListItemTableViewCell.swift */ = {isa = PBXFileReference; lastKnownFileType = sourcecode.swift; path = NFTListItemTableViewCell.swift; sourceTree = "<group>"; };
		00611CF3278D298900CB06AB /* AddNFTViewController.swift */ = {isa = PBXFileReference; lastKnownFileType = sourcecode.swift; path = AddNFTViewController.swift; sourceTree = "<group>"; };
		00611CF5278D338300CB06AB /* AboutViewController.swift */ = {isa = PBXFileReference; lastKnownFileType = sourcecode.swift; path = AboutViewController.swift; sourceTree = "<group>"; };
		0062FAA22792ED30002A8652 /* SettingsTableViewController.swift */ = {isa = PBXFileReference; lastKnownFileType = sourcecode.swift; path = SettingsTableViewController.swift; sourceTree = "<group>"; };
/* End PBXFileReference section */

/* Begin PBXFrameworksBuildPhase section */
		00232618278D119400269FAF /* Frameworks */ = {
			isa = PBXFrameworksBuildPhase;
			buildActionMask = 2147483647;
			files = (
				0031AD29278FE78000F84AA7 /* Alamofire in Frameworks */,
				00728D7727928CE300CA90AB /* AlamofireImage in Frameworks */,
			);
			runOnlyForDeploymentPostprocessing = 0;
		};
/* End PBXFrameworksBuildPhase section */

/* Begin PBXGroup section */
		00232612278D119400269FAF = {
			isa = PBXGroup;
			children = (
				0023261D278D119400269FAF /* NFT Viewer */,
				0023261C278D119400269FAF /* Products */,
			);
			sourceTree = "<group>";
		};
		0023261C278D119400269FAF /* Products */ = {
			isa = PBXGroup;
			children = (
				0023261B278D119400269FAF /* NFT Viewer.app */,
			);
			name = Products;
			sourceTree = "<group>";
		};
		0023261D278D119400269FAF /* NFT Viewer */ = {
			isa = PBXGroup;
			children = (
				0031AD3227907AA300F84AA7 /* Helpers */,
				0031AD2F279064B000F84AA7 /* Model */,
				0031AD2A278FEC6A00F84AA7 /* Utilities */,
				00611CF2278D295B00CB06AB /* Controllers */,
				0023261E278D119400269FAF /* AppDelegate.swift */,
				00232620278D119400269FAF /* SceneDelegate.swift */,
				00232624278D119400269FAF /* Main.storyboard */,
				00232627278D119400269FAF /* Assets.xcassets */,
				00232629278D119400269FAF /* LaunchScreen.storyboard */,
				0023262C278D119400269FAF /* Info.plist */,
			);
			path = "NFT Viewer";
			sourceTree = "<group>";
		};
		0031AD2A278FEC6A00F84AA7 /* Utilities */ = {
			isa = PBXGroup;
			children = (
				0031AD2B278FEC7B00F84AA7 /* Extensions.swift */,
			);
			path = Utilities;
			sourceTree = "<group>";
		};
		0031AD2F279064B000F84AA7 /* Model */ = {
			isa = PBXGroup;
			children = (
				0031AD302790664A00F84AA7 /* NFTMetadata.swift */,
			);
			path = Model;
			sourceTree = "<group>";
		};
		0031AD3227907AA300F84AA7 /* Helpers */ = {
			isa = PBXGroup;
			children = (
				0031AD3327907AC700F84AA7 /* NFTListItemTableViewCell.swift */,
			);
			path = Helpers;
			sourceTree = "<group>";
		};
		00611CF2278D295B00CB06AB /* Controllers */ = {
			isa = PBXGroup;
			children = (
				00611CF3278D298900CB06AB /* AddNFTViewController.swift */,
				00611CF5278D338300CB06AB /* AboutViewController.swift */,
				0031AD2D2790637100F84AA7 /* ListNFTTableViewController.swift */,
				0062FAA22792ED30002A8652 /* SettingsTableViewController.swift */,
			);
			path = Controllers;
			sourceTree = "<group>";
		};
/* End PBXGroup section */

/* Begin PBXNativeTarget section */
		0023261A278D119400269FAF /* NFT Viewer */ = {
			isa = PBXNativeTarget;
			buildConfigurationList = 0023262F278D119400269FAF /* Build configuration list for PBXNativeTarget "NFT Viewer" */;
			buildPhases = (
				00232617278D119400269FAF /* Sources */,
				00232618278D119400269FAF /* Frameworks */,
				00232619278D119400269FAF /* Resources */,
			);
			buildRules = (
			);
			dependencies = (
			);
			name = "NFT Viewer";
			packageProductDependencies = (
				0031AD28278FE78000F84AA7 /* Alamofire */,
				00728D7627928CE300CA90AB /* AlamofireImage */,
			);
			productName = "NFT Viewer";
			productReference = 0023261B278D119400269FAF /* NFT Viewer.app */;
			productType = "com.apple.product-type.application";
		};
/* End PBXNativeTarget section */

/* Begin PBXProject section */
		00232613278D119400269FAF /* Project object */ = {
			isa = PBXProject;
			attributes = {
				BuildIndependentTargetsInParallel = 1;
				LastSwiftUpdateCheck = 1320;
				LastUpgradeCheck = 1320;
				TargetAttributes = {
					0023261A278D119400269FAF = {
						CreatedOnToolsVersion = 13.2.1;
					};
				};
			};
			buildConfigurationList = 00232616278D119400269FAF /* Build configuration list for PBXProject "NFT Viewer" */;
			compatibilityVersion = "Xcode 13.0";
			developmentRegion = en;
			hasScannedForEncodings = 0;
			knownRegions = (
				en,
				Base,
			);
			mainGroup = 00232612278D119400269FAF;
			packageReferences = (
				0031AD27278FE78000F84AA7 /* XCRemoteSwiftPackageReference "Alamofire" */,
				00728D7527928CE200CA90AB /* XCRemoteSwiftPackageReference "AlamofireImage" */,
			);
			productRefGroup = 0023261C278D119400269FAF /* Products */;
			projectDirPath = "";
			projectRoot = "";
			targets = (
				0023261A278D119400269FAF /* NFT Viewer */,
			);
		};
/* End PBXProject section */

/* Begin PBXResourcesBuildPhase section */
		00232619278D119400269FAF /* Resources */ = {
			isa = PBXResourcesBuildPhase;
			buildActionMask = 2147483647;
			files = (
				0023262B278D119400269FAF /* LaunchScreen.storyboard in Resources */,
				00232628278D119400269FAF /* Assets.xcassets in Resources */,
				00232626278D119400269FAF /* Main.storyboard in Resources */,
			);
			runOnlyForDeploymentPostprocessing = 0;
		};
/* End PBXResourcesBuildPhase section */

/* Begin PBXSourcesBuildPhase section */
		00232617278D119400269FAF /* Sources */ = {
			isa = PBXSourcesBuildPhase;
			buildActionMask = 2147483647;
			files = (
				0031AD2C278FEC7B00F84AA7 /* Extensions.swift in Sources */,
				0031AD3427907AC700F84AA7 /* NFTListItemTableViewCell.swift in Sources */,
				00611CF4278D298900CB06AB /* AddNFTViewController.swift in Sources */,
				0031AD2E2790637100F84AA7 /* ListNFTTableViewController.swift in Sources */,
				0023261F278D119400269FAF /* AppDelegate.swift in Sources */,
				00611CF6278D338300CB06AB /* AboutViewController.swift in Sources */,
				00232621278D119400269FAF /* SceneDelegate.swift in Sources */,
				0031AD312790664A00F84AA7 /* NFTMetadata.swift in Sources */,
				0062FAA32792ED30002A8652 /* SettingsTableViewController.swift in Sources */,
			);
			runOnlyForDeploymentPostprocessing = 0;
		};
/* End PBXSourcesBuildPhase section */

/* Begin PBXVariantGroup section */
		00232624278D119400269FAF /* Main.storyboard */ = {
			isa = PBXVariantGroup;
			children = (
				00232625278D119400269FAF /* Base */,
			);
			name = Main.storyboard;
			sourceTree = "<group>";
		};
		00232629278D119400269FAF /* LaunchScreen.storyboard */ = {
			isa = PBXVariantGroup;
			children = (
				0023262A278D119400269FAF /* Base */,
			);
			name = LaunchScreen.storyboard;
			sourceTree = "<group>";
		};
/* End PBXVariantGroup section */

/* Begin XCBuildConfiguration section */
		0023262D278D119400269FAF /* Debug */ = {
			isa = XCBuildConfiguration;
			buildSettings = {
				ALWAYS_SEARCH_USER_PATHS = NO;
				CLANG_ANALYZER_NONNULL = YES;
				CLANG_ANALYZER_NUMBER_OBJECT_CONVERSION = YES_AGGRESSIVE;
				CLANG_CXX_LANGUAGE_STANDARD = "gnu++17";
				CLANG_CXX_LIBRARY = "libc++";
				CLANG_ENABLE_MODULES = YES;
				CLANG_ENABLE_OBJC_ARC = YES;
				CLANG_ENABLE_OBJC_WEAK = YES;
				CLANG_WARN_BLOCK_CAPTURE_AUTORELEASING = YES;
				CLANG_WARN_BOOL_CONVERSION = YES;
				CLANG_WARN_COMMA = YES;
				CLANG_WARN_CONSTANT_CONVERSION = YES;
				CLANG_WARN_DEPRECATED_OBJC_IMPLEMENTATIONS = YES;
				CLANG_WARN_DIRECT_OBJC_ISA_USAGE = YES_ERROR;
				CLANG_WARN_DOCUMENTATION_COMMENTS = YES;
				CLANG_WARN_EMPTY_BODY = YES;
				CLANG_WARN_ENUM_CONVERSION = YES;
				CLANG_WARN_INFINITE_RECURSION = YES;
				CLANG_WARN_INT_CONVERSION = YES;
				CLANG_WARN_NON_LITERAL_NULL_CONVERSION = YES;
				CLANG_WARN_OBJC_IMPLICIT_RETAIN_SELF = YES;
				CLANG_WARN_OBJC_LITERAL_CONVERSION = YES;
				CLANG_WARN_OBJC_ROOT_CLASS = YES_ERROR;
				CLANG_WARN_QUOTED_INCLUDE_IN_FRAMEWORK_HEADER = YES;
				CLANG_WARN_RANGE_LOOP_ANALYSIS = YES;
				CLANG_WARN_STRICT_PROTOTYPES = YES;
				CLANG_WARN_SUSPICIOUS_MOVE = YES;
				CLANG_WARN_UNGUARDED_AVAILABILITY = YES_AGGRESSIVE;
				CLANG_WARN_UNREACHABLE_CODE = YES;
				CLANG_WARN__DUPLICATE_METHOD_MATCH = YES;
				COPY_PHASE_STRIP = NO;
				DEBUG_INFORMATION_FORMAT = dwarf;
				ENABLE_STRICT_OBJC_MSGSEND = YES;
				ENABLE_TESTABILITY = YES;
				GCC_C_LANGUAGE_STANDARD = gnu11;
				GCC_DYNAMIC_NO_PIC = NO;
				GCC_NO_COMMON_BLOCKS = YES;
				GCC_OPTIMIZATION_LEVEL = 0;
				GCC_PREPROCESSOR_DEFINITIONS = (
					"DEBUG=1",
					"$(inherited)",
				);
				GCC_WARN_64_TO_32_BIT_CONVERSION = YES;
				GCC_WARN_ABOUT_RETURN_TYPE = YES_ERROR;
				GCC_WARN_UNDECLARED_SELECTOR = YES;
				GCC_WARN_UNINITIALIZED_AUTOS = YES_AGGRESSIVE;
				GCC_WARN_UNUSED_FUNCTION = YES;
				GCC_WARN_UNUSED_VARIABLE = YES;
				IPHONEOS_DEPLOYMENT_TARGET = 15.2;
				MTL_ENABLE_DEBUG_INFO = INCLUDE_SOURCE;
				MTL_FAST_MATH = YES;
				ONLY_ACTIVE_ARCH = YES;
				SDKROOT = iphoneos;
				SWIFT_ACTIVE_COMPILATION_CONDITIONS = DEBUG;
				SWIFT_OPTIMIZATION_LEVEL = "-Onone";
			};
			name = Debug;
		};
		0023262E278D119400269FAF /* Release */ = {
			isa = XCBuildConfiguration;
			buildSettings = {
				ALWAYS_SEARCH_USER_PATHS = NO;
				CLANG_ANALYZER_NONNULL = YES;
				CLANG_ANALYZER_NUMBER_OBJECT_CONVERSION = YES_AGGRESSIVE;
				CLANG_CXX_LANGUAGE_STANDARD = "gnu++17";
				CLANG_CXX_LIBRARY = "libc++";
				CLANG_ENABLE_MODULES = YES;
				CLANG_ENABLE_OBJC_ARC = YES;
				CLANG_ENABLE_OBJC_WEAK = YES;
				CLANG_WARN_BLOCK_CAPTURE_AUTORELEASING = YES;
				CLANG_WARN_BOOL_CONVERSION = YES;
				CLANG_WARN_COMMA = YES;
				CLANG_WARN_CONSTANT_CONVERSION = YES;
				CLANG_WARN_DEPRECATED_OBJC_IMPLEMENTATIONS = YES;
				CLANG_WARN_DIRECT_OBJC_ISA_USAGE = YES_ERROR;
				CLANG_WARN_DOCUMENTATION_COMMENTS = YES;
				CLANG_WARN_EMPTY_BODY = YES;
				CLANG_WARN_ENUM_CONVERSION = YES;
				CLANG_WARN_INFINITE_RECURSION = YES;
				CLANG_WARN_INT_CONVERSION = YES;
				CLANG_WARN_NON_LITERAL_NULL_CONVERSION = YES;
				CLANG_WARN_OBJC_IMPLICIT_RETAIN_SELF = YES;
				CLANG_WARN_OBJC_LITERAL_CONVERSION = YES;
				CLANG_WARN_OBJC_ROOT_CLASS = YES_ERROR;
				CLANG_WARN_QUOTED_INCLUDE_IN_FRAMEWORK_HEADER = YES;
				CLANG_WARN_RANGE_LOOP_ANALYSIS = YES;
				CLANG_WARN_STRICT_PROTOTYPES = YES;
				CLANG_WARN_SUSPICIOUS_MOVE = YES;
				CLANG_WARN_UNGUARDED_AVAILABILITY = YES_AGGRESSIVE;
				CLANG_WARN_UNREACHABLE_CODE = YES;
				CLANG_WARN__DUPLICATE_METHOD_MATCH = YES;
				COPY_PHASE_STRIP = NO;
				DEBUG_INFORMATION_FORMAT = "dwarf-with-dsym";
				ENABLE_NS_ASSERTIONS = NO;
				ENABLE_STRICT_OBJC_MSGSEND = YES;
				GCC_C_LANGUAGE_STANDARD = gnu11;
				GCC_NO_COMMON_BLOCKS = YES;
				GCC_WARN_64_TO_32_BIT_CONVERSION = YES;
				GCC_WARN_ABOUT_RETURN_TYPE = YES_ERROR;
				GCC_WARN_UNDECLARED_SELECTOR = YES;
				GCC_WARN_UNINITIALIZED_AUTOS = YES_AGGRESSIVE;
				GCC_WARN_UNUSED_FUNCTION = YES;
				GCC_WARN_UNUSED_VARIABLE = YES;
				IPHONEOS_DEPLOYMENT_TARGET = 15.2;
				MTL_ENABLE_DEBUG_INFO = NO;
				MTL_FAST_MATH = YES;
				SDKROOT = iphoneos;
				SWIFT_COMPILATION_MODE = wholemodule;
				SWIFT_OPTIMIZATION_LEVEL = "-O";
				VALIDATE_PRODUCT = YES;
			};
			name = Release;
		};
		00232630278D119400269FAF /* Debug */ = {
			isa = XCBuildConfiguration;
			buildSettings = {
				ASSETCATALOG_COMPILER_APPICON_NAME = AppIcon;
				ASSETCATALOG_COMPILER_GLOBAL_ACCENT_COLOR_NAME = AccentColor;
				CODE_SIGN_STYLE = Automatic;
				CURRENT_PROJECT_VERSION = 10;
				DEVELOPMENT_TEAM = 96573A62AT;
				GENERATE_INFOPLIST_FILE = YES;
				INFOPLIST_FILE = "NFT Viewer/Info.plist";
				INFOPLIST_KEY_UIApplicationSupportsIndirectInputEvents = YES;
				INFOPLIST_KEY_UILaunchStoryboardName = LaunchScreen;
				INFOPLIST_KEY_UIMainStoryboardFile = Main;
				INFOPLIST_KEY_UISupportedInterfaceOrientations = UIInterfaceOrientationPortrait;
				INFOPLIST_KEY_UISupportedInterfaceOrientations_iPad = "UIInterfaceOrientationPortrait UIInterfaceOrientationPortraitUpsideDown UIInterfaceOrientationLandscapeLeft UIInterfaceOrientationLandscapeRight";
				INFOPLIST_KEY_UISupportedInterfaceOrientations_iPhone = "UIInterfaceOrientationPortrait UIInterfaceOrientationLandscapeLeft UIInterfaceOrientationLandscapeRight";
				LD_RUNPATH_SEARCH_PATHS = (
					"$(inherited)",
					"@executable_path/Frameworks",
				);
				MARKETING_VERSION = 1.0;
				PRODUCT_BUNDLE_IDENTIFIER = "com.muthuka.NFT-Viewer";
				PRODUCT_NAME = "$(TARGET_NAME)";
				SWIFT_EMIT_LOC_STRINGS = YES;
				SWIFT_VERSION = 5.0;
				TARGETED_DEVICE_FAMILY = 1;
			};
			name = Debug;
		};
		00232631278D119400269FAF /* Release */ = {
			isa = XCBuildConfiguration;
			buildSettings = {
				ASSETCATALOG_COMPILER_APPICON_NAME = AppIcon;
				ASSETCATALOG_COMPILER_GLOBAL_ACCENT_COLOR_NAME = AccentColor;
				CODE_SIGN_STYLE = Automatic;
				CURRENT_PROJECT_VERSION = 10;
				DEVELOPMENT_TEAM = 96573A62AT;
				GENERATE_INFOPLIST_FILE = YES;
				INFOPLIST_FILE = "NFT Viewer/Info.plist";
				INFOPLIST_KEY_UIApplicationSupportsIndirectInputEvents = YES;
				INFOPLIST_KEY_UILaunchStoryboardName = LaunchScreen;
				INFOPLIST_KEY_UIMainStoryboardFile = Main;
				INFOPLIST_KEY_UISupportedInterfaceOrientations = UIInterfaceOrientationPortrait;
				INFOPLIST_KEY_UISupportedInterfaceOrientations_iPad = "UIInterfaceOrientationPortrait UIInterfaceOrientationPortraitUpsideDown UIInterfaceOrientationLandscapeLeft UIInterfaceOrientationLandscapeRight";
				INFOPLIST_KEY_UISupportedInterfaceOrientations_iPhone = "UIInterfaceOrientationPortrait UIInterfaceOrientationLandscapeLeft UIInterfaceOrientationLandscapeRight";
				LD_RUNPATH_SEARCH_PATHS = (
					"$(inherited)",
					"@executable_path/Frameworks",
				);
				MARKETING_VERSION = 1.0;
				PRODUCT_BUNDLE_IDENTIFIER = "com.muthuka.NFT-Viewer";
				PRODUCT_NAME = "$(TARGET_NAME)";
				SWIFT_EMIT_LOC_STRINGS = YES;
				SWIFT_VERSION = 5.0;
				TARGETED_DEVICE_FAMILY = 1;
			};
			name = Release;
		};
/* End XCBuildConfiguration section */

/* Begin XCConfigurationList section */
		00232616278D119400269FAF /* Build configuration list for PBXProject "NFT Viewer" */ = {
			isa = XCConfigurationList;
			buildConfigurations = (
				0023262D278D119400269FAF /* Debug */,
				0023262E278D119400269FAF /* Release */,
			);
			defaultConfigurationIsVisible = 0;
			defaultConfigurationName = Release;
		};
		0023262F278D119400269FAF /* Build configuration list for PBXNativeTarget "NFT Viewer" */ = {
			isa = XCConfigurationList;
			buildConfigurations = (
				00232630278D119400269FAF /* Debug */,
				00232631278D119400269FAF /* Release */,
			);
			defaultConfigurationIsVisible = 0;
			defaultConfigurationName = Release;
		};
/* End XCConfigurationList section */

/* Begin XCRemoteSwiftPackageReference section */
		0031AD27278FE78000F84AA7 /* XCRemoteSwiftPackageReference "Alamofire" */ = {
			isa = XCRemoteSwiftPackageReference;
			repositoryURL = "https://github.com/Alamofire/Alamofire.git";
			requirement = {
				kind = upToNextMajorVersion;
				minimumVersion = 5.0.0;
			};
		};
		00728D7527928CE200CA90AB /* XCRemoteSwiftPackageReference "AlamofireImage" */ = {
			isa = XCRemoteSwiftPackageReference;
			repositoryURL = "https://github.com/Alamofire/AlamofireImage.git";
			requirement = {
				kind = upToNextMajorVersion;
				minimumVersion = 4.0.0;
			};
		};
/* End XCRemoteSwiftPackageReference section */

/* Begin XCSwiftPackageProductDependency section */
		0031AD28278FE78000F84AA7 /* Alamofire */ = {
			isa = XCSwiftPackageProductDependency;
			package = 0031AD27278FE78000F84AA7 /* XCRemoteSwiftPackageReference "Alamofire" */;
			productName = Alamofire;
		};
		00728D7627928CE300CA90AB /* AlamofireImage */ = {
			isa = XCSwiftPackageProductDependency;
			package = 00728D7527928CE200CA90AB /* XCRemoteSwiftPackageReference "AlamofireImage" */;
			productName = AlamofireImage;
		};
/* End XCSwiftPackageProductDependency section */
	};
	rootObject = 00232613278D119400269FAF /* Project object */;
}
